github.com/aws/aws-sdk-go-v2 v1.35.0 h1:jTPxEJyzjSuuz0wB+302hr8Eu9KUI+Zv8zlujMGJpVI=
github.com/aws/aws-sdk-go-v2 v1.35.0/go.mod h1:JgstGg0JjWU1KpVJjD5H0y0yyAIpSdKEq556EI6yOOM=
github.com/aws/aws-sdk-go-v2/aws/protocol/eventstream v1.6.8 h1:zAxi9p3wsZMIaVCdoiQp2uZ9k1LsZvmAnoTBeZPXom0=
github.com/aws/aws-sdk-go-v2/aws/protocol/eventstream v1.6.8/go.mod h1:3XkePX5dSaxveLAYY7nsbsZZrKxCyEuE5pM4ziFxyGg=
github.com/aws/aws-sdk-go-v2/config v1.29.3 h1:a5Ucjxe6iV+LHEBmYA9w40rT5aGxWybx/4l/O/fvJlE=
github.com/aws/aws-sdk-go-v2/config v1.29.3/go.mod h1:pt9z1x12zDiDb4iFLrxoeAKLVCU/Gp9DL/5BnwlY77o=
github.com/aws/aws-sdk-go-v2/credentials v1.17.56 h1:JKMBreKudV+ozx6rZJLvEtiexv48aEdhdC7mXUw9MLs=
github.com/aws/aws-sdk-go-v2/credentials v1.17.56/go.mod h1:S3xRjIHD8HHFgMTz4L56q/7IldfNtGL9JjH/vP3U6DA=
github.com/aws/aws-sdk-go-v2/feature/ec2/imds v1.16.26 h1:XMBqBEuZLf8yxtH+mU/uUDyQbN4iD/xv9h6he2+lzhw=
github.com/aws/aws-sdk-go-v2/feature/ec2/imds v1.16.26/go.mod h1:d0+wQ/3CYGPuHEfBTPpQdfUX7gjk0/Lxs5Q6KzdEGY8=
github.com/aws/aws-sdk-go-v2/internal/configsources v1.3.30 h1:+7AzSGNhHoY53di13lvztf9Dyd/9ofzoYGBllkWp3a0=
github.com/aws/aws-sdk-go-v2/internal/configsources v1.3.30/go.mod h1:Jxd/FrCny99yURiQiMywgXvBhd7tmgdv6KdlUTNzMSo=
github.com/aws/aws-sdk-go-v2/internal/endpoints/v2 v2.6.30 h1:Ex06eY6I5rO7IX0HalGfa5nGjpBoOsS1Qm3xfjkuszs=
github.com/aws/aws-sdk-go-v2/internal/endpoints/v2 v2.6.30/go.mod h1:AvyEMA9QcX59kFhVizBpIBpEMThUTXssuJe+emBdcGM=
github.com/aws/aws-sdk-go-v2/internal/ini v1.8.2 h1:Pg9URiobXy85kgFev3og2CuOZ8JZUBENF+dcgWBaYNk=
github.com/aws/aws-sdk-go-v2/internal/ini v1.8.2/go.mod h1:FbtygfRFze9usAadmnGJNc8KsP346kEe+y2/oyhGAGc=
github.com/aws/aws-sdk-go-v2/service/cloudwatchlogs v1.45.9 h1:vlW2Sou5AxOTm8L3apjTmKwk9oGPdSl9v1K7FXsNWRc=
github.com/aws/aws-sdk-go-v2/service/cloudwatchlogs v1.45.9/go.mod h1:0l7C5+PMTjrbJ2tb3Erru5VhkrhnsHeX95C1zrwOTh0=
github.com/aws/aws-sdk-go-v2/service/internal/accept-encoding v1.12.2 h1:D4oz8/CzT9bAEYtVhSBmFj2dNOtaHOtMKc2vHBwYizA=
github.com/aws/aws-sdk-go-v2/service/internal/accept-encoding v1.12.2/go.mod h1:Za3IHqTQ+yNcRHxu1OFucBh0ACZT4j4VQFF0BqpZcLY=
github.com/aws/aws-sdk-go-v2/service/internal/presigned-url v1.12.11 h1:5JKQ2J3BBW4ovy6A/5Lwx9SpA6IzgH8jB3bquGZ1NUw=
github.com/aws/aws-sdk-go-v2/service/internal/presigned-url v1.12.11/go.mod h1:VShCk7rfCzK/b9U1aSkzLwcOoaDlYna16482QqEavis=
github.com/aws/aws-sdk-go-v2/service/sso v1.24.13 h1:q4pOAKxypbFoUJzOpgo939bF50qb4DgYshiDfcsdN0M=
github.com/aws/aws-sdk-go-v2/service/sso v1.24.13/go.mod h1:G/0PTg7+vQT42ictQGjJhixzTcVZtHFvrN/OeTXrRfQ=
github.com/aws/aws-sdk-go-v2/service/ssooidc v1.28.12 h1:4sGSGshSSfO1vrcXruPick3ioSf8nhhD6nuB2ni37P4=
github.com/aws/aws-sdk-go-v2/service/ssooidc v1.28.12/go.mod h1:NHpu/pLOelViA4qxkAFH10VLqh+XeLhZfXDaFyMVgSs=
github.com/aws/aws-sdk-go-v2/service/sts v1.33.11 h1:RIXOjp7Dp4siCYJRwBHUcBdVgOWflSJGlq4ZhMI5Ta0=
github.com/aws/aws-sdk-go-v2/service/sts v1.33.11/go.mod h1:ZR17k9bPKPR8u0IkyA6xVsjr56doNQ4ZB1fs7abYBfE=
github.com/aws/smithy-go v1.22.2 h1:6D9hW43xKFrRx/tXXfAlIZc4JI+yQe6snnWcQyxSyLQ=
github.com/aws/smithy-go v1.22.2/go.mod h1:irrKGvNn1InZwb2d7fkIRNucdfwR8R+Ts3wxYa/cJHg=
github.com/fsnotify/fsnotify v1.6.0 h1:n+5WquG0fcWoWp6xPWfHdbskMCQaFnG6PfBrh1Ky4HY=
github.com/fsnotify/fsnotify v1.6.0/go.mod h1:sl3t1tCWJFWoRz9R8WJCbQihKKwmorjAbSClcnxKAGw=
github.com/google/go-cmp v0.6.0 h1:ofyhxvXcZhMsU5ulbFiLKl/XBFqE1GSq7atu8tAmTRI=
github.com/google/go-cmp v0.6.0/go.mod h1:17dUlkBOakJ0+DkrSSNjCkIjxS6bF9zb3elmeNGIjoY=
github.com/hashicorp/logutils v1.0.0 h1:dLEQVugN8vlakKOUE3ihGLTZJRB4j+M2cdTm/ORI65Y=
github.com/hashicorp/logutils v1.0.0/go.mod h1:QIAnNjmIWmVIIkWDTG1z5v++HQmx9WQRO+LraFDTW64=
github.com/shogo82148/go-tail v1.0.2 h1:ungi5Y7dLClTCuVUvoaY17wTmZ15LIZAA2ZFzSTjdYw=
github.com/shogo82148/go-tail v1.0.2/go.mod h1:RPtAdpuaHFTVKwCd6VEFA70InxXjiq8N5P+LVW1Jua0=
golang.org/x/sys v0.0.0-20220908164124-27713097b956/go.mod h1:oPkhp1MJrh7nUepCBck5+mAzfO9JrbApNNgaTdGDITg=
golang.org/x/sys v0.2.0 h1:ljd4t30dBnAvMZaQCevtY0xLLD0A+bRZXbgLMLU1F/A=
golang.org/x/sys v0.2.0/go.mod h1:oPkhp1MJrh7nUepCBck5+mAzfO9JrbApNNgaTdGDITg=
